// !$*UTF8*$!
{
	archiveVersion = 1;
	classes = {
	};
	objectVersion = 55;
	objects = {

/* Begin PBXBuildFile section */
		1140E75A27EC7E1900DADB33 /* AppDelegate.swift in Sources */ = {isa = PBXBuildFile; fileRef = 1140E75927EC7E1900DADB33 /* AppDelegate.swift */; };
		1140E75C27EC7E1900DADB33 /* SceneDelegate.swift in Sources */ = {isa = PBXBuildFile; fileRef = 1140E75B27EC7E1900DADB33 /* SceneDelegate.swift */; };
		1140E76327EC7E1C00DADB33 /* Assets.xcassets in Resources */ = {isa = PBXBuildFile; fileRef = 1140E76227EC7E1C00DADB33 /* Assets.xcassets */; };
		1140E76627EC7E1C00DADB33 /* LaunchScreen.storyboard in Resources */ = {isa = PBXBuildFile; fileRef = 1140E76427EC7E1C00DADB33 /* LaunchScreen.storyboard */; };
		1140E78327EC80DD00DADB33 /* ApiError.swift in Sources */ = {isa = PBXBuildFile; fileRef = 1140E78227EC80DD00DADB33 /* ApiError.swift */; };
		1140E78527EC80F100DADB33 /* BaseApiClient.swift in Sources */ = {isa = PBXBuildFile; fileRef = 1140E78427EC80F100DADB33 /* BaseApiClient.swift */; };
		1140E78727EC810100DADB33 /* HTTPMethod.swift in Sources */ = {isa = PBXBuildFile; fileRef = 1140E78627EC810100DADB33 /* HTTPMethod.swift */; };
		1140E78927EC811000DADB33 /* BaseApiRequest.swift in Sources */ = {isa = PBXBuildFile; fileRef = 1140E78827EC811000DADB33 /* BaseApiRequest.swift */; };
		1140E78D27EC813A00DADB33 /* UIImageViewExtension.swift in Sources */ = {isa = PBXBuildFile; fileRef = 1140E78C27EC813A00DADB33 /* UIImageViewExtension.swift */; };
		1140E78F27EC815200DADB33 /* LoaderExtension.swift in Sources */ = {isa = PBXBuildFile; fileRef = 1140E78E27EC815200DADB33 /* LoaderExtension.swift */; };
		1140E79927EC81C900DADB33 /* BookCell.swift in Sources */ = {isa = PBXBuildFile; fileRef = 1140E79827EC81C900DADB33 /* BookCell.swift */; };
		1140E79B27EC81EF00DADB33 /* BaseResponseModel.swift in Sources */ = {isa = PBXBuildFile; fileRef = 1140E79A27EC81EF00DADB33 /* BaseResponseModel.swift */; };
		1140E79D27EC820700DADB33 /* GetBooksRequest.swift in Sources */ = {isa = PBXBuildFile; fileRef = 1140E79C27EC820700DADB33 /* GetBooksRequest.swift */; };
		1140E79F27EC821B00DADB33 /* BooksViewController.swift in Sources */ = {isa = PBXBuildFile; fileRef = 1140E79E27EC821B00DADB33 /* BooksViewController.swift */; };
		1140E7A127EC823000DADB33 /* BooksViewModel.swift in Sources */ = {isa = PBXBuildFile; fileRef = 1140E7A027EC823000DADB33 /* BooksViewModel.swift */; };
		1140E7A327EC824F00DADB33 /* BookView.swift in Sources */ = {isa = PBXBuildFile; fileRef = 1140E7A227EC824F00DADB33 /* BookView.swift */; };
		1140E7AC27EC82FB00DADB33 /* BookDetailRequest.swift in Sources */ = {isa = PBXBuildFile; fileRef = 1140E7AB27EC82FB00DADB33 /* BookDetailRequest.swift */; };
		1140E7AE27EC832000DADB33 /* BookDetailViewController.swift in Sources */ = {isa = PBXBuildFile; fileRef = 1140E7AD27EC832000DADB33 /* BookDetailViewController.swift */; };
		1140E7B027EC833200DADB33 /* BookDetailViewModel.swift in Sources */ = {isa = PBXBuildFile; fileRef = 1140E7AF27EC833200DADB33 /* BookDetailViewModel.swift */; };
		1140E7B227EC835B00DADB33 /* BookDetailView.swift in Sources */ = {isa = PBXBuildFile; fileRef = 1140E7B127EC835B00DADB33 /* BookDetailView.swift */; };
/* End PBXBuildFile section */

/* Begin PBXFileReference section */
		1140E75627EC7E1900DADB33 /* MvvmWithClosure.app */ = {isa = PBXFileReference; explicitFileType = wrapper.application; includeInIndex = 0; path = MvvmWithClosure.app; sourceTree = BUILT_PRODUCTS_DIR; };
		1140E75927EC7E1900DADB33 /* AppDelegate.swift */ = {isa = PBXFileReference; lastKnownFileType = sourcecode.swift; path = AppDelegate.swift; sourceTree = "<group>"; };
		1140E75B27EC7E1900DADB33 /* SceneDelegate.swift */ = {isa = PBXFileReference; lastKnownFileType = sourcecode.swift; path = SceneDelegate.swift; sourceTree = "<group>"; };
		1140E76227EC7E1C00DADB33 /* Assets.xcassets */ = {isa = PBXFileReference; lastKnownFileType = folder.assetcatalog; path = Assets.xcassets; sourceTree = "<group>"; };
		1140E76527EC7E1C00DADB33 /* Base */ = {isa = PBXFileReference; lastKnownFileType = file.storyboard; name = Base; path = Base.lproj/LaunchScreen.storyboard; sourceTree = "<group>"; };
		1140E76727EC7E1C00DADB33 /* Info.plist */ = {isa = PBXFileReference; lastKnownFileType = text.plist.xml; path = Info.plist; sourceTree = "<group>"; };
		1140E78227EC80DD00DADB33 /* ApiError.swift */ = {isa = PBXFileReference; lastKnownFileType = sourcecode.swift; path = ApiError.swift; sourceTree = "<group>"; };
		1140E78427EC80F100DADB33 /* BaseApiClient.swift */ = {isa = PBXFileReference; lastKnownFileType = sourcecode.swift; path = BaseApiClient.swift; sourceTree = "<group>"; };
		1140E78627EC810100DADB33 /* HTTPMethod.swift */ = {isa = PBXFileReference; lastKnownFileType = sourcecode.swift; path = HTTPMethod.swift; sourceTree = "<group>"; };
		1140E78827EC811000DADB33 /* BaseApiRequest.swift */ = {isa = PBXFileReference; lastKnownFileType = sourcecode.swift; path = BaseApiRequest.swift; sourceTree = "<group>"; };
		1140E78C27EC813A00DADB33 /* UIImageViewExtension.swift */ = {isa = PBXFileReference; lastKnownFileType = sourcecode.swift; path = UIImageViewExtension.swift; sourceTree = "<group>"; };
		1140E78E27EC815200DADB33 /* LoaderExtension.swift */ = {isa = PBXFileReference; lastKnownFileType = sourcecode.swift; path = LoaderExtension.swift; sourceTree = "<group>"; };
		1140E79827EC81C900DADB33 /* BookCell.swift */ = {isa = PBXFileReference; lastKnownFileType = sourcecode.swift; path = BookCell.swift; sourceTree = "<group>"; };
		1140E79A27EC81EF00DADB33 /* BaseResponseModel.swift */ = {isa = PBXFileReference; lastKnownFileType = sourcecode.swift; path = BaseResponseModel.swift; sourceTree = "<group>"; };
		1140E79C27EC820700DADB33 /* GetBooksRequest.swift */ = {isa = PBXFileReference; lastKnownFileType = sourcecode.swift; path = GetBooksRequest.swift; sourceTree = "<group>"; };
		1140E79E27EC821B00DADB33 /* BooksViewController.swift */ = {isa = PBXFileReference; lastKnownFileType = sourcecode.swift; path = BooksViewController.swift; sourceTree = "<group>"; };
		1140E7A027EC823000DADB33 /* BooksViewModel.swift */ = {isa = PBXFileReference; lastKnownFileType = sourcecode.swift; path = BooksViewModel.swift; sourceTree = "<group>"; };
		1140E7A227EC824F00DADB33 /* BookView.swift */ = {isa = PBXFileReference; lastKnownFileType = sourcecode.swift; path = BookView.swift; sourceTree = "<group>"; };
		1140E7AB27EC82FB00DADB33 /* BookDetailRequest.swift */ = {isa = PBXFileReference; lastKnownFileType = sourcecode.swift; path = BookDetailRequest.swift; sourceTree = "<group>"; };
		1140E7AD27EC832000DADB33 /* BookDetailViewController.swift */ = {isa = PBXFileReference; lastKnownFileType = sourcecode.swift; path = BookDetailViewController.swift; sourceTree = "<group>"; };
		1140E7AF27EC833200DADB33 /* BookDetailViewModel.swift */ = {isa = PBXFileReference; lastKnownFileType = sourcecode.swift; path = BookDetailViewModel.swift; sourceTree = "<group>"; };
		1140E7B127EC835B00DADB33 /* BookDetailView.swift */ = {isa = PBXFileReference; lastKnownFileType = sourcecode.swift; path = BookDetailView.swift; sourceTree = "<group>"; };
/* End PBXFileReference section */

/* Begin PBXFrameworksBuildPhase section */
		1140E75327EC7E1900DADB33 /* Frameworks */ = {
			isa = PBXFrameworksBuildPhase;
			buildActionMask = 2147483647;
			files = (
			);
			runOnlyForDeploymentPostprocessing = 0;
		};
/* End PBXFrameworksBuildPhase section */

/* Begin PBXGroup section */
		1140E74D27EC7E1900DADB33 = {
			isa = PBXGroup;
			children = (
				1140E75827EC7E1900DADB33 /* MvvmWithClosure */,
				1140E75727EC7E1900DADB33 /* Products */,
			);
			sourceTree = "<group>";
		};
		1140E75727EC7E1900DADB33 /* Products */ = {
			isa = PBXGroup;
			children = (
				1140E75627EC7E1900DADB33 /* MvvmWithClosure.app */,
			);
			name = Products;
			sourceTree = "<group>";
		};
		1140E75827EC7E1900DADB33 /* MvvmWithClosure */ = {
			isa = PBXGroup;
			children = (
				1140E77F27EC80C600DADB33 /* Networking */,
				1140E78A27EC811F00DADB33 /* Helpers */,
				1140E79027EC816A00DADB33 /* Screens */,
				1140E75927EC7E1900DADB33 /* AppDelegate.swift */,
				1140E75B27EC7E1900DADB33 /* SceneDelegate.swift */,
				1140E76227EC7E1C00DADB33 /* Assets.xcassets */,
				1140E76427EC7E1C00DADB33 /* LaunchScreen.storyboard */,
				1140E76727EC7E1C00DADB33 /* Info.plist */,
			);
			path = MvvmWithClosure;
			sourceTree = "<group>";
		};
		1140E77F27EC80C600DADB33 /* Networking */ = {
			isa = PBXGroup;
			children = (
				1140E78227EC80DD00DADB33 /* ApiError.swift */,
				1140E78427EC80F100DADB33 /* BaseApiClient.swift */,
				1140E78627EC810100DADB33 /* HTTPMethod.swift */,
				1140E78827EC811000DADB33 /* BaseApiRequest.swift */,
			);
			path = Networking;
			sourceTree = "<group>";
		};
		1140E78A27EC811F00DADB33 /* Helpers */ = {
			isa = PBXGroup;
			children = (
				1140E78B27EC812A00DADB33 /* Extensions */,
			);
			path = Helpers;
			sourceTree = "<group>";
		};
		1140E78B27EC812A00DADB33 /* Extensions */ = {
			isa = PBXGroup;
			children = (
				1140E78C27EC813A00DADB33 /* UIImageViewExtension.swift */,
				1140E78E27EC815200DADB33 /* LoaderExtension.swift */,
			);
			path = Extensions;
			sourceTree = "<group>";
		};
		1140E79027EC816A00DADB33 /* Screens */ = {
			isa = PBXGroup;
			children = (
				1140E79127EC817600DADB33 /* Books */,
				1140E7A427EC827700DADB33 /* BookDetail */,
			);
			path = Screens;
			sourceTree = "<group>";
		};
		1140E79127EC817600DADB33 /* Books */ = {
			isa = PBXGroup;
			children = (
				1140E79227EC817F00DADB33 /* Cells */,
				1140E79327EC818C00DADB33 /* Models */,
				1140E79427EC819600DADB33 /* Requests */,
				1140E79527EC819F00DADB33 /* ViewControllers */,
				1140E79627EC81A700DADB33 /* ViewModels */,
				1140E79727EC81AE00DADB33 /* Views */,
			);
			path = Books;
			sourceTree = "<group>";
		};
		1140E79227EC817F00DADB33 /* Cells */ = {
			isa = PBXGroup;
			children = (
				1140E79827EC81C900DADB33 /* BookCell.swift */,
			);
			path = Cells;
			sourceTree = "<group>";
		};
		1140E79327EC818C00DADB33 /* Models */ = {
			isa = PBXGroup;
			children = (
				1140E79A27EC81EF00DADB33 /* BaseResponseModel.swift */,
			);
			path = Models;
			sourceTree = "<group>";
		};
		1140E79427EC819600DADB33 /* Requests */ = {
			isa = PBXGroup;
			children = (
				1140E79C27EC820700DADB33 /* GetBooksRequest.swift */,
			);
			path = Requests;
			sourceTree = "<group>";
		};
		1140E79527EC819F00DADB33 /* ViewControllers */ = {
			isa = PBXGroup;
			children = (
				1140E79E27EC821B00DADB33 /* BooksViewController.swift */,
			);
			path = ViewControllers;
			sourceTree = "<group>";
		};
		1140E79627EC81A700DADB33 /* ViewModels */ = {
			isa = PBXGroup;
			children = (
				1140E7A027EC823000DADB33 /* BooksViewModel.swift */,
			);
			path = ViewModels;
			sourceTree = "<group>";
		};
		1140E79727EC81AE00DADB33 /* Views */ = {
			isa = PBXGroup;
			children = (
				1140E7A227EC824F00DADB33 /* BookView.swift */,
			);
			path = Views;
			sourceTree = "<group>";
		};
		1140E7A427EC827700DADB33 /* BookDetail */ = {
			isa = PBXGroup;
			children = (
				1140E7A727EC829300DADB33 /* Requests */,
				1140E7A827EC829C00DADB33 /* ViewControllers */,
				1140E7AA27EC82B300DADB33 /* ViewModels */,
				1140E7A927EC82A300DADB33 /* Views */,
			);
			path = BookDetail;
			sourceTree = "<group>";
		};
		1140E7A727EC829300DADB33 /* Requests */ = {
			isa = PBXGroup;
			children = (
				1140E7AB27EC82FB00DADB33 /* BookDetailRequest.swift */,
			);
			path = Requests;
			sourceTree = "<group>";
		};
		1140E7A827EC829C00DADB33 /* ViewControllers */ = {
			isa = PBXGroup;
			children = (
				1140E7AD27EC832000DADB33 /* BookDetailViewController.swift */,
			);
			path = ViewControllers;
			sourceTree = "<group>";
		};
		1140E7A927EC82A300DADB33 /* Views */ = {
			isa = PBXGroup;
			children = (
				1140E7B127EC835B00DADB33 /* BookDetailView.swift */,
			);
			path = Views;
			sourceTree = "<group>";
		};
		1140E7AA27EC82B300DADB33 /* ViewModels */ = {
			isa = PBXGroup;
			children = (
				1140E7AF27EC833200DADB33 /* BookDetailViewModel.swift */,
			);
			path = ViewModels;
			sourceTree = "<group>";
		};
/* End PBXGroup section */

/* Begin PBXNativeTarget section */
		1140E75527EC7E1900DADB33 /* MvvmWithClosure */ = {
			isa = PBXNativeTarget;
			buildConfigurationList = 1140E76A27EC7E1C00DADB33 /* Build configuration list for PBXNativeTarget "MvvmWithClosure" */;
			buildPhases = (
				1140E75227EC7E1900DADB33 /* Sources */,
				1140E75327EC7E1900DADB33 /* Frameworks */,
				1140E75427EC7E1900DADB33 /* Resources */,
			);
			buildRules = (
			);
			dependencies = (
			);
			name = MvvmWithClosure;
			productName = MvvmWithClosure;
			productReference = 1140E75627EC7E1900DADB33 /* MvvmWithClosure.app */;
			productType = "com.apple.product-type.application";
		};
/* End PBXNativeTarget section */

/* Begin PBXProject section */
		1140E74E27EC7E1900DADB33 /* Project object */ = {
			isa = PBXProject;
			attributes = {
				BuildIndependentTargetsInParallel = 1;
				LastSwiftUpdateCheck = 1310;
				LastUpgradeCheck = 1310;
				TargetAttributes = {
					1140E75527EC7E1900DADB33 = {
						CreatedOnToolsVersion = 13.1;
					};
				};
			};
			buildConfigurationList = 1140E75127EC7E1900DADB33 /* Build configuration list for PBXProject "MvvmWithClosure" */;
			compatibilityVersion = "Xcode 13.0";
			developmentRegion = en;
			hasScannedForEncodings = 0;
			knownRegions = (
				en,
				Base,
			);
			mainGroup = 1140E74D27EC7E1900DADB33;
			productRefGroup = 1140E75727EC7E1900DADB33 /* Products */;
			projectDirPath = "";
			projectRoot = "";
			targets = (
				1140E75527EC7E1900DADB33 /* MvvmWithClosure */,
			);
		};
/* End PBXProject section */

/* Begin PBXResourcesBuildPhase section */
		1140E75427EC7E1900DADB33 /* Resources */ = {
			isa = PBXResourcesBuildPhase;
			buildActionMask = 2147483647;
			files = (
				1140E76627EC7E1C00DADB33 /* LaunchScreen.storyboard in Resources */,
				1140E76327EC7E1C00DADB33 /* Assets.xcassets in Resources */,
			);
			runOnlyForDeploymentPostprocessing = 0;
		};
/* End PBXResourcesBuildPhase section */

/* Begin PBXSourcesBuildPhase section */
		1140E75227EC7E1900DADB33 /* Sources */ = {
			isa = PBXSourcesBuildPhase;
			buildActionMask = 2147483647;
			files = (
				1140E78527EC80F100DADB33 /* BaseApiClient.swift in Sources */,
				1140E7AE27EC832000DADB33 /* BookDetailViewController.swift in Sources */,
				1140E78727EC810100DADB33 /* HTTPMethod.swift in Sources */,
				1140E7B227EC835B00DADB33 /* BookDetailView.swift in Sources */,
				1140E7A127EC823000DADB33 /* BooksViewModel.swift in Sources */,
				1140E79F27EC821B00DADB33 /* BooksViewController.swift in Sources */,
				1140E79D27EC820700DADB33 /* GetBooksRequest.swift in Sources */,
				1140E78927EC811000DADB33 /* BaseApiRequest.swift in Sources */,
				1140E7B027EC833200DADB33 /* BookDetailViewModel.swift in Sources */,
				1140E79927EC81C900DADB33 /* BookCell.swift in Sources */,
				1140E78327EC80DD00DADB33 /* ApiError.swift in Sources */,
				1140E7AC27EC82FB00DADB33 /* BookDetailRequest.swift in Sources */,
				1140E7A327EC824F00DADB33 /* BookView.swift in Sources */,
				1140E75A27EC7E1900DADB33 /* AppDelegate.swift in Sources */,
				1140E78D27EC813A00DADB33 /* UIImageViewExtension.swift in Sources */,
				1140E75C27EC7E1900DADB33 /* SceneDelegate.swift in Sources */,
				1140E78F27EC815200DADB33 /* LoaderExtension.swift in Sources */,
				1140E79B27EC81EF00DADB33 /* BaseResponseModel.swift in Sources */,
			);
			runOnlyForDeploymentPostprocessing = 0;
		};
/* End PBXSourcesBuildPhase section */

/* Begin PBXVariantGroup section */
		1140E76427EC7E1C00DADB33 /* LaunchScreen.storyboard */ = {
			isa = PBXVariantGroup;
			children = (
				1140E76527EC7E1C00DADB33 /* Base */,
			);
			name = LaunchScreen.storyboard;
			sourceTree = "<group>";
		};
/* End PBXVariantGroup section */

/* Begin XCBuildConfiguration section */
		1140E76827EC7E1C00DADB33 /* Debug */ = {
			isa = XCBuildConfiguration;
			buildSettings = {
				ALWAYS_SEARCH_USER_PATHS = NO;
				CLANG_ANALYZER_NONNULL = YES;
				CLANG_ANALYZER_NUMBER_OBJECT_CONVERSION = YES_AGGRESSIVE;
				CLANG_CXX_LANGUAGE_STANDARD = "gnu++17";
				CLANG_CXX_LIBRARY = "libc++";
				CLANG_ENABLE_MODULES = YES;
				CLANG_ENABLE_OBJC_ARC = YES;
				CLANG_ENABLE_OBJC_WEAK = YES;
				CLANG_WARN_BLOCK_CAPTURE_AUTORELEASING = YES;
				CLANG_WARN_BOOL_CONVERSION = YES;
				CLANG_WARN_COMMA = YES;
				CLANG_WARN_CONSTANT_CONVERSION = YES;
				CLANG_WARN_DEPRECATED_OBJC_IMPLEMENTATIONS = YES;
				CLANG_WARN_DIRECT_OBJC_ISA_USAGE = YES_ERROR;
				CLANG_WARN_DOCUMENTATION_COMMENTS = YES;
				CLANG_WARN_EMPTY_BODY = YES;
				CLANG_WARN_ENUM_CONVERSION = YES;
				CLANG_WARN_INFINITE_RECURSION = YES;
				CLANG_WARN_INT_CONVERSION = YES;
				CLANG_WARN_NON_LITERAL_NULL_CONVERSION = YES;
				CLANG_WARN_OBJC_IMPLICIT_RETAIN_SELF = YES;
				CLANG_WARN_OBJC_LITERAL_CONVERSION = YES;
				CLANG_WARN_OBJC_ROOT_CLASS = YES_ERROR;
				CLANG_WARN_QUOTED_INCLUDE_IN_FRAMEWORK_HEADER = YES;
				CLANG_WARN_RANGE_LOOP_ANALYSIS = YES;
				CLANG_WARN_STRICT_PROTOTYPES = YES;
				CLANG_WARN_SUSPICIOUS_MOVE = YES;
				CLANG_WARN_UNGUARDED_AVAILABILITY = YES_AGGRESSIVE;
				CLANG_WARN_UNREACHABLE_CODE = YES;
				CLANG_WARN__DUPLICATE_METHOD_MATCH = YES;
				COPY_PHASE_STRIP = NO;
				DEBUG_INFORMATION_FORMAT = dwarf;
				ENABLE_STRICT_OBJC_MSGSEND = YES;
				ENABLE_TESTABILITY = YES;
				GCC_C_LANGUAGE_STANDARD = gnu11;
				GCC_DYNAMIC_NO_PIC = NO;
				GCC_NO_COMMON_BLOCKS = YES;
				GCC_OPTIMIZATION_LEVEL = 0;
				GCC_PREPROCESSOR_DEFINITIONS = (
					"DEBUG=1",
					"$(inherited)",
				);
				GCC_WARN_64_TO_32_BIT_CONVERSION = YES;
				GCC_WARN_ABOUT_RETURN_TYPE = YES_ERROR;
				GCC_WARN_UNDECLARED_SELECTOR = YES;
				GCC_WARN_UNINITIALIZED_AUTOS = YES_AGGRESSIVE;
				GCC_WARN_UNUSED_FUNCTION = YES;
				GCC_WARN_UNUSED_VARIABLE = YES;
				IPHONEOS_DEPLOYMENT_TARGET = 15.0;
				MTL_ENABLE_DEBUG_INFO = INCLUDE_SOURCE;
				MTL_FAST_MATH = YES;
				ONLY_ACTIVE_ARCH = YES;
				SDKROOT = iphoneos;
				SWIFT_ACTIVE_COMPILATION_CONDITIONS = DEBUG;
				SWIFT_OPTIMIZATION_LEVEL = "-Onone";
			};
			name = Debug;
		};
		1140E76927EC7E1C00DADB33 /* Release */ = {
			isa = XCBuildConfiguration;
			buildSettings = {
				ALWAYS_SEARCH_USER_PATHS = NO;
				CLANG_ANALYZER_NONNULL = YES;
				CLANG_ANALYZER_NUMBER_OBJECT_CONVERSION = YES_AGGRESSIVE;
				CLANG_CXX_LANGUAGE_STANDARD = "gnu++17";
				CLANG_CXX_LIBRARY = "libc++";
				CLANG_ENABLE_MODULES = YES;
				CLANG_ENABLE_OBJC_ARC = YES;
				CLANG_ENABLE_OBJC_WEAK = YES;
				CLANG_WARN_BLOCK_CAPTURE_AUTORELEASING = YES;
				CLANG_WARN_BOOL_CONVERSION = YES;
				CLANG_WARN_COMMA = YES;
				CLANG_WARN_CONSTANT_CONVERSION = YES;
				CLANG_WARN_DEPRECATED_OBJC_IMPLEMENTATIONS = YES;
				CLANG_WARN_DIRECT_OBJC_ISA_USAGE = YES_ERROR;
				CLANG_WARN_DOCUMENTATION_COMMENTS = YES;
				CLANG_WARN_EMPTY_BODY = YES;
				CLANG_WARN_ENUM_CONVERSION = YES;
				CLANG_WARN_INFINITE_RECURSION = YES;
				CLANG_WARN_INT_CONVERSION = YES;
				CLANG_WARN_NON_LITERAL_NULL_CONVERSION = YES;
				CLANG_WARN_OBJC_IMPLICIT_RETAIN_SELF = YES;
				CLANG_WARN_OBJC_LITERAL_CONVERSION = YES;
				CLANG_WARN_OBJC_ROOT_CLASS = YES_ERROR;
				CLANG_WARN_QUOTED_INCLUDE_IN_FRAMEWORK_HEADER = YES;
				CLANG_WARN_RANGE_LOOP_ANALYSIS = YES;
				CLANG_WARN_STRICT_PROTOTYPES = YES;
				CLANG_WARN_SUSPICIOUS_MOVE = YES;
				CLANG_WARN_UNGUARDED_AVAILABILITY = YES_AGGRESSIVE;
				CLANG_WARN_UNREACHABLE_CODE = YES;
				CLANG_WARN__DUPLICATE_METHOD_MATCH = YES;
				COPY_PHASE_STRIP = NO;
				DEBUG_INFORMATION_FORMAT = "dwarf-with-dsym";
				ENABLE_NS_ASSERTIONS = NO;
				ENABLE_STRICT_OBJC_MSGSEND = YES;
				GCC_C_LANGUAGE_STANDARD = gnu11;
				GCC_NO_COMMON_BLOCKS = YES;
				GCC_WARN_64_TO_32_BIT_CONVERSION = YES;
				GCC_WARN_ABOUT_RETURN_TYPE = YES_ERROR;
				GCC_WARN_UNDECLARED_SELECTOR = YES;
				GCC_WARN_UNINITIALIZED_AUTOS = YES_AGGRESSIVE;
				GCC_WARN_UNUSED_FUNCTION = YES;
				GCC_WARN_UNUSED_VARIABLE = YES;
				IPHONEOS_DEPLOYMENT_TARGET = 15.0;
				MTL_ENABLE_DEBUG_INFO = NO;
				MTL_FAST_MATH = YES;
				SDKROOT = iphoneos;
				SWIFT_COMPILATION_MODE = wholemodule;
				SWIFT_OPTIMIZATION_LEVEL = "-O";
				VALIDATE_PRODUCT = YES;
			};
			name = Release;
		};
		1140E76B27EC7E1C00DADB33 /* Debug */ = {
			isa = XCBuildConfiguration;
			buildSettings = {
				ASSETCATALOG_COMPILER_APPICON_NAME = AppIcon;
				ASSETCATALOG_COMPILER_GLOBAL_ACCENT_COLOR_NAME = AccentColor;
				CODE_SIGN_STYLE = Automatic;
				CURRENT_PROJECT_VERSION = 1;
				GENERATE_INFOPLIST_FILE = YES;
				INFOPLIST_FILE = MvvmWithClosure/Info.plist;
				INFOPLIST_KEY_UIApplicationSupportsIndirectInputEvents = YES;
				INFOPLIST_KEY_UILaunchStoryboardName = LaunchScreen;
				INFOPLIST_KEY_UISupportedInterfaceOrientations_iPad = "UIInterfaceOrientationPortrait UIInterfaceOrientationPortraitUpsideDown UIInterfaceOrientationLandscapeLeft UIInterfaceOrientationLandscapeRight";
				INFOPLIST_KEY_UISupportedInterfaceOrientations_iPhone = "UIInterfaceOrientationPortrait UIInterfaceOrientationLandscapeLeft UIInterfaceOrientationLandscapeRight";
				LD_RUNPATH_SEARCH_PATHS = (
					"$(inherited)",
					"@executable_path/Frameworks",
				);
				MARKETING_VERSION = 1.0;
				PRODUCT_BUNDLE_IDENTIFIER = test.MvvmWithClosure;
				PRODUCT_NAME = "$(TARGET_NAME)";
				SWIFT_EMIT_LOC_STRINGS = YES;
				SWIFT_VERSION = 5.0;
				TARGETED_DEVICE_FAMILY = "1,2";
			};
			name = Debug;
		};
		1140E76C27EC7E1C00DADB33 /* Release */ = {
			isa = XCBuildConfiguration;
			buildSettings = {
				ASSETCATALOG_COMPILER_APPICON_NAME = AppIcon;
				ASSETCATALOG_COMPILER_GLOBAL_ACCENT_COLOR_NAME = AccentColor;
				CODE_SIGN_STYLE = Automatic;
				CURRENT_PROJECT_VERSION = 1;
				GENERATE_INFOPLIST_FILE = YES;
				INFOPLIST_FILE = MvvmWithClosure/Info.plist;
				INFOPLIST_KEY_UIApplicationSupportsIndirectInputEvents = YES;
				INFOPLIST_KEY_UILaunchStoryboardName = LaunchScreen;
				INFOPLIST_KEY_UISupportedInterfaceOrientations_iPad = "UIInterfaceOrientationPortrait UIInterfaceOrientationPortraitUpsideDown UIInterfaceOrientationLandscapeLeft UIInterfaceOrientationLandscapeRight";
				INFOPLIST_KEY_UISupportedInterfaceOrientations_iPhone = "UIInterfaceOrientationPortrait UIInterfaceOrientationLandscapeLeft UIInterfaceOrientationLandscapeRight";
				LD_RUNPATH_SEARCH_PATHS = (
					"$(inherited)",
					"@executable_path/Frameworks",
				);
				MARKETING_VERSION = 1.0;
				PRODUCT_BUNDLE_IDENTIFIER = test.MvvmWithClosure;
				PRODUCT_NAME = "$(TARGET_NAME)";
				SWIFT_EMIT_LOC_STRINGS = YES;
				SWIFT_VERSION = 5.0;
				TARGETED_DEVICE_FAMILY = "1,2";
			};
			name = Release;
		};
/* End XCBuildConfiguration section */

/* Begin XCConfigurationList section */
		1140E75127EC7E1900DADB33 /* Build configuration list for PBXProject "MvvmWithClosure" */ = {
			isa = XCConfigurationList;
			buildConfigurations = (
				1140E76827EC7E1C00DADB33 /* Debug */,
				1140E76927EC7E1C00DADB33 /* Release */,
			);
			defaultConfigurationIsVisible = 0;
			defaultConfigurationName = Release;
		};
		1140E76A27EC7E1C00DADB33 /* Build configuration list for PBXNativeTarget "MvvmWithClosure" */ = {
			isa = XCConfigurationList;
			buildConfigurations = (
				1140E76B27EC7E1C00DADB33 /* Debug */,
				1140E76C27EC7E1C00DADB33 /* Release */,
			);
			defaultConfigurationIsVisible = 0;
			defaultConfigurationName = Release;
		};
/* End XCConfigurationList section */
	};
	rootObject = 1140E74E27EC7E1900DADB33 /* Project object */;
}
